
Microsoft Visual Studio Solution File, Format Version 12.00
# Visual Studio Version 16
VisualStudioVersion = 16.0.31112.23
MinimumVisualStudioVersion = 10.0.40219.1
Project("{9A19103F-16F7-4668-BE54-9A1E7A4F7556}") = "PartyInvites", "PartyInvites.csproj", "{1B991CEA-1EF0-4124-806B-94042D8029C3}"
EndProject
Global
	GlobalSection(SolutionConfigurationPlatforms) = preSolution
		Debug|Any CPU = Debug|Any CPU
		Release|Any CPU = Release|Any CPU
	EndGlobalSection
	GlobalSection(ProjectConfigurationPlatforms) = postSolution
		{1B991CEA-1EF0-4124-806B-94042D8029C3}.Debug|Any CPU.ActiveCfg = Debug|Any CPU
		{1B991CEA-1EF0-4124-806B-94042D8029C3}.Debug|Any CPU.Build.0 = Debug|Any CPU
		{1B991CEA-1EF0-4124-806B-94042D8029C3}.Release|Any CPU.ActiveCfg = Release|Any CPU
		{1B991CEA-1EF0-4124-806B-94042D8029C3}.Release|Any CPU.Build.0 = Release|Any CPU
	EndGlobalSection
	GlobalSection(SolutionProperties) = preSolution
		HideSolutionNode = FALSE
	EndGlobalSection
	GlobalSection(ExtensibilityGlobals) = postSolution
		SolutionGuid = {CEF5EB49-A9F6-44B7-9C26-9E048FA9A3CC}
	EndGlobalSection
EndGlobal
